# THIS IS AN AUTOGENERATED FILE. DO NOT EDIT THIS FILE DIRECTLY.
# yarn lockfile v1


"@adobe/css-tools@^4.4.0":
  version "4.4.2"

"@babel/code-frame@^7.10.4", "@babel/code-frame@^7.12.13":
  version "7.26.2"
  dependencies:
    "@babel/helper-validator-identifier" "^7.25.9"
    js-tokens "^4.0.0"
    picocolors "^1.0.0"

"@babel/helper-validator-identifier@^7.25.9":
  version "7.25.9"

"@babel/runtime@^7.12.5":
  version "7.27.0"
  resolved "https://registry.npmjs.org/@babel/runtime/-/runtime-7.27.0.tgz"
  integrity sha512-VtPOkrdPHZsKc/clNqyi9WUA8TINkZ4cGk63UUE3u4pmB2k+ZMQRDuIOagv8UVd6j7k0T3+RRIb7beKTebNbcw==
  dependencies:
    regenerator-runtime "^0.14.0"

"@jest/expect-utils@^29.7.0":
  version "29.7.0"
  dependencies:
    jest-get-type "^29.6.3"

"@jest/schemas@^29.6.3":
  version "29.6.3"
  dependencies:
    "@sinclair/typebox" "^0.27.8"

"@jest/types@^29.6.3":
  version "29.6.3"
  dependencies:
    "@jest/schemas" "^29.6.3"
    "@types/istanbul-lib-coverage" "^2.0.0"
    "@types/istanbul-reports" "^3.0.0"
    "@types/node" "*"
    "@types/yargs" "^17.0.8"
    chalk "^4.0.0"

"@sinclair/typebox@^0.27.8":
  version "0.27.8"

"@testing-library/dom@^10.0.0", "@testing-library/dom@>=7.21.4":
  version "10.4.0"
  resolved "https://registry.npmjs.org/@testing-library/dom/-/dom-10.4.0.tgz"
  integrity sha512-pemlzrSESWbdAloYml3bAJMEfNh1Z7EduzqPKprCH5S341frlpYnUEW0H72dLxa6IsYr+mPno20GiSm+h9dEdQ==
  dependencies:
    "@babel/code-frame" "^7.10.4"
    "@babel/runtime" "^7.12.5"
    "@types/aria-query" "^5.0.1"
    aria-query "5.3.0"
    chalk "^4.1.0"
    dom-accessibility-api "^0.5.9"
    lz-string "^1.5.0"
    pretty-format "^27.0.2"

"@testing-library/jest-dom@^6.6.3":
  version "6.6.3"
  dependencies:
    "@adobe/css-tools" "^4.4.0"
    aria-query "^5.0.0"
    chalk "^3.0.0"
    css.escape "^1.5.1"
    dom-accessibility-api "^0.6.3"
    lodash "^4.17.21"
    redent "^3.0.0"

"@testing-library/react@^16.3.0":
  version "16.3.0"
  resolved "https://registry.npmjs.org/@testing-library/react/-/react-16.3.0.tgz"
  integrity sha512-kFSyxiEDwv1WLl2fgsq6pPBbw5aWKrsY2/noi1Id0TK0UParSF62oFQFGHXIyaG4pp2tEub/Zlel+fjjZILDsw==
  dependencies:
    "@babel/runtime" "^7.12.5"

"@testing-library/user-event@^14.6.1":
  version "14.6.1"

"@types/aria-query@^5.0.1":
  version "5.0.4"
  resolved "https://registry.npmjs.org/@types/aria-query/-/aria-query-5.0.4.tgz"
  integrity sha512-rfT93uj5s0PRL7EzccGMs3brplhcrghnDoV26NqKhCAS1hVo+WdNsPvE/yb6ilfr5hi2MEk6d5EWJTKdxg8jVw==

"@types/d3-color@^2":
  version "2.0.6"

"@types/d3-geo@^2":
  version "2.0.7"
  dependencies:
    "@types/geojson" "*"

"@types/d3-interpolate@^2":
  version "2.0.5"
  dependencies:
    "@types/d3-color" "^2"

"@types/d3-selection@^2":
  version "2.0.5"

"@types/d3-zoom@^2":
  version "2.0.7"
  dependencies:
    "@types/d3-interpolate" "^2"
    "@types/d3-selection" "^2"

"@types/geojson@*":
  version "7946.0.16"

"@types/istanbul-lib-coverage@*", "@types/istanbul-lib-coverage@^2.0.0":
  version "2.0.6"

"@types/istanbul-lib-report@*":
  version "3.0.3"
  dependencies:
    "@types/istanbul-lib-coverage" "*"

"@types/istanbul-reports@^3.0.0":
  version "3.0.4"
  dependencies:
    "@types/istanbul-lib-report" "*"

"@types/jest@^29.5.14":
  version "29.5.14"
  dependencies:
    expect "^29.0.0"
    pretty-format "^29.0.0"

"@types/node@*", "@types/node@^22.15.2":
  version "22.15.2"
  resolved "https://registry.npmjs.org/@types/node/-/node-22.15.2.tgz"
  integrity sha512-uKXqKN9beGoMdBfcaTY1ecwz6ctxuJAcUlwE55938g0ZJ8lRxwAZqRz2AJ4pzpt5dHdTPMB863UZ0ESiFUcP7A==
  dependencies:
    undici-types "~6.21.0"

"@types/react-dom@^18.0.0 || ^19.0.0", "@types/react-dom@^19.1.2":
  version "19.1.2"
  resolved "https://registry.npmjs.org/@types/react-dom/-/react-dom-19.1.2.tgz"
  integrity sha512-XGJkWF41Qq305SKWEILa1O8vzhb3aOo3ogBlSmiqNko/WmRb6QIaweuZCXjKygVDXpzXb5wyxKTSOsmkuqj+Qw==

"@types/react-simple-maps@^3.0.6":
  version "3.0.6"
  dependencies:
    "@types/d3-geo" "^2"
    "@types/d3-zoom" "^2"
    "@types/geojson" "*"
    "@types/react" "*"

"@types/react@*", "@types/react@^18.0.0 || ^19.0.0", "@types/react@^19.0.0", "@types/react@^19.1.2":
  version "19.1.2"
  resolved "https://registry.npmjs.org/@types/react/-/react-19.1.2.tgz"
  integrity sha512-oxLPMytKchWGbnQM9O7D67uPa9paTNxO7jVoNMXgkkErULBPhPARCfkKL9ytcIJJRGjbsVwW4ugJzyFFvm/Tiw==
  dependencies:
    csstype "^3.0.2"

"@types/stack-utils@^2.0.0":
  version "2.0.3"

"@types/yargs-parser@*":
  version "21.0.3"

"@types/yargs@^17.0.8":
  version "17.0.33"
  dependencies:
    "@types/yargs-parser" "*"

ansi-regex@^5.0.1:
  version "5.0.1"

ansi-styles@^4.1.0:
  version "4.3.0"
  dependencies:
    color-convert "^2.0.1"

ansi-styles@^5.0.0:
  version "5.2.0"
  resolved "https://registry.npmjs.org/ansi-styles/-/ansi-styles-5.2.0.tgz"
  integrity sha512-Cxwpt2SfTzTtXcfOlzGEee8O+c+MmUgGrNiBcXnuWxuFJHe6a5Hz7qwhwe5OgaSYI0IJvkLqWX1ASG+cJOkEiA==

aria-query@^5.0.0:
  version "5.3.2"

aria-query@5.3.0:
  version "5.3.0"
  resolved "https://registry.npmjs.org/aria-query/-/aria-query-5.3.0.tgz"
  integrity sha512-b0P0sZPKtyu8HkeRAfCq0IfURZK+SuwMjY1UXGBU27wpAiTwQAIlq56IbIO+ytk/JjS1fMR14ee5WBBfKi5J6A==
  dependencies:
    dequal "^2.0.3"

braces@^3.0.3:
  version "3.0.3"
  dependencies:
    fill-range "^7.1.1"

chalk@^3.0.0:
  version "3.0.0"
  dependencies:
    ansi-styles "^4.1.0"
    supports-color "^7.1.0"

chalk@^4.0.0, chalk@^4.1.0:
  version "4.1.2"
  dependencies:
    ansi-styles "^4.1.0"
    supports-color "^7.1.0"

ci-info@^3.2.0:
  version "3.9.0"

color-convert@^2.0.1:
  version "2.0.1"
  dependencies:
    color-name "~1.1.4"

color-name@~1.1.4:
  version "1.1.4"

css.escape@^1.5.1:
  version "1.5.1"

csstype@^3.0.2:
  version "3.1.3"

dequal@^2.0.3:
  version "2.0.3"
  resolved "https://registry.npmjs.org/dequal/-/dequal-2.0.3.tgz"
  integrity sha512-0je+qPKHEMohvfRTCEo3CrPG6cAzAYgmzKyxRiYSSDkS6eGJdyVJm7WaYA5ECaAD9wLB2T4EEeymA5aFVcYXCA==

diff-sequences@^29.6.3:
  version "29.6.3"

dom-accessibility-api@^0.5.9:
  version "0.5.16"
  resolved "https://registry.npmjs.org/dom-accessibility-api/-/dom-accessibility-api-0.5.16.tgz"
  integrity sha512-X7BJ2yElsnOJ30pZF4uIIDfBEVgF4XEBxL9Bxhy6dnrm5hkzqmsWHGTiHqRiITNhMyFLyAiWndIJP7Z1NTteDg==

dom-accessibility-api@^0.6.3:
  version "0.6.3"

escape-string-regexp@^2.0.0:
  version "2.0.0"
  resolved "https://registry.npmjs.org/escape-string-regexp/-/escape-string-regexp-2.0.0.tgz"
  integrity sha512-UpzcLCXolUWcNu5HtVMHYdXJjArjsF9C0aNnquZYY4uW/Vu0miy5YoWvbV345HauVvcAUnpRuhMMcqTcGOY2+w==

expect@^29.0.0:
  version "29.7.0"
  dependencies:
    "@jest/expect-utils" "^29.7.0"
    jest-get-type "^29.6.3"
    jest-matcher-utils "^29.7.0"
    jest-message-util "^29.7.0"
    jest-util "^29.7.0"

fill-range@^7.1.1:
  version "7.1.1"
  dependencies:
    to-regex-range "^5.0.1"

graceful-fs@^4.2.9:
  version "4.2.11"

has-flag@^4.0.0:
  version "4.0.0"

indent-string@^4.0.0:
  version "4.0.0"

is-number@^7.0.0:
  version "7.0.0"

jest-diff@^29.7.0:
  version "29.7.0"
  dependencies:
    chalk "^4.0.0"
    diff-sequences "^29.6.3"
    jest-get-type "^29.6.3"
    pretty-format "^29.7.0"

jest-get-type@^29.6.3:
  version "29.6.3"

jest-matcher-utils@^29.7.0:
  version "29.7.0"
  dependencies:
    chalk "^4.0.0"
    jest-diff "^29.7.0"
    jest-get-type "^29.6.3"
    pretty-format "^29.7.0"

jest-message-util@^29.7.0:
  version "29.7.0"
  dependencies:
    "@babel/code-frame" "^7.12.13"
    "@jest/types" "^29.6.3"
    "@types/stack-utils" "^2.0.0"
    chalk "^4.0.0"
    graceful-fs "^4.2.9"
    micromatch "^4.0.4"
    pretty-format "^29.7.0"
    slash "^3.0.0"
    stack-utils "^2.0.3"

jest-util@^29.7.0:
  version "29.7.0"
  dependencies:
    "@jest/types" "^29.6.3"
    "@types/node" "*"
    chalk "^4.0.0"
    ci-info "^3.2.0"
    graceful-fs "^4.2.9"
    picomatch "^2.2.3"

js-tokens@^4.0.0:
  version "4.0.0"

lodash@^4.17.21:
  version "4.17.21"

lz-string@^1.5.0:
  version "1.5.0"
  resolved "https://registry.npmjs.org/lz-string/-/lz-string-1.5.0.tgz"
  integrity sha512-h5bgJWpxJNswbU7qCrV0tIKQCaS3blPDrqKWx+QxzuzL1zGUzij9XCWLrSLsJPu5t+eWA/ycetzYAO5IOMcWAQ==

micromatch@^4.0.4:
  version "4.0.8"
  dependencies:
    braces "^3.0.3"
    picomatch "^2.3.1"

min-indent@^1.0.0:
  version "1.0.1"

picocolors@^1.0.0:
  version "1.1.1"

picomatch@^2.2.3, picomatch@^2.3.1:
  version "2.3.1"

pretty-format@^27.0.2:
  version "27.5.1"
  dependencies:
    ansi-regex "^5.0.1"
    ansi-styles "^5.0.0"
    react-is "^17.0.1"

pretty-format@^29.0.0, pretty-format@^29.7.0:
  version "29.7.0"
  dependencies:
    "@jest/schemas" "^29.6.3"
    ansi-styles "^5.0.0"
    react-is "^18.0.0"

"react-dom@^18.0.0 || ^19.0.0", react-dom@^19.1.0:
  version "19.1.0"
  resolved "https://registry.npmjs.org/react-dom/-/react-dom-19.1.0.tgz"
  integrity sha512-Xs1hdnE+DyKgeHJeJznQmYMIBG3TKIHJJT95Q58nHLSrElKlGQqDTR2HQ9fx5CN/Gk6Vh/kupBTDLU11/nDk/g==
  dependencies:
    scheduler "^0.26.0"

react-is@^17.0.1:
  version "17.0.2"

react-is@^18.0.0:
  version "18.3.1"

"react@^18.0.0 || ^19.0.0", react@^19.1.0:
  version "19.1.0"
  resolved "https://registry.npmjs.org/react/-/react-19.1.0.tgz"
  integrity sha512-FS+XFBNvn3GTAWq26joslQgWNoFu08F4kl0J4CgdNKADkdSGXQyTCnKteIAJy96Br6YbpEU1LSzV5dYtjMkMDg==

redent@^3.0.0:
  version "3.0.0"
  dependencies:
    indent-string "^4.0.0"
    strip-indent "^3.0.0"

regenerator-runtime@^0.14.0:
  version "0.14.1"

scheduler@^0.26.0:
  version "0.26.0"
  resolved "https://registry.npmjs.org/scheduler/-/scheduler-0.26.0.tgz"
  integrity sha512-NlHwttCI/l5gCPR3D1nNXtWABUmBwvZpEQiD4IXSbIDq8BzLIK/7Ir5gTFSGZDUu37K5cMNp0hFtzO38sC7gWA==

slash@^3.0.0:
  version "3.0.0"
  resolved "https://registry.npmjs.org/slash/-/slash-3.0.0.tgz"
  integrity sha512-g9Q1haeby36OSStwb4ntCGGGaKsaVSjQ68fBxoQcutl5fS1vuY18H3wSt3jFyFtrkx+Kz0V1G85A4MyAdDMi2Q==

stack-utils@^2.0.3:
  version "2.0.6"
  dependencies:
    escape-string-regexp "^2.0.0"

strip-indent@^3.0.0:
  version "3.0.0"
  dependencies:
    min-indent "^1.0.0"

supports-color@^7.1.0:
  version "7.2.0"
  dependencies:
    has-flag "^4.0.0"

to-regex-range@^5.0.1:
  version "5.0.1"
  dependencies:
    is-number "^7.0.0"

typescript@^5.8.3:
  version "5.8.3"
  resolved "https://registry.npmjs.org/typescript/-/typescript-5.8.3.tgz"
  integrity sha512-p1diW6TqL9L07nNxvRMM7hMMw4c5XOo/1ibL4aAIGmSAt9slTE1Xgw5KWuof2uTOvCg9BY7ZRi+GaF+7sfgPeQ==

undici-types@~6.21.0:
  version "6.21.0"
  resolved "https://registry.npmjs.org/undici-types/-/undici-types-6.21.0.tgz"
  integrity sha512-iwDZqg0QAGrg9Rav5H4n0M64c3mkR59cJ6wQp+7C4nI0gsmExaedaYLNO44eT4AtBBwjbTiGPMlt2Md0T9H9JQ==

web-vitals@^4.2.4:
  version "4.2.4"
  resolved "https://registry.npmjs.org/web-vitals/-/web-vitals-4.2.4.tgz"
  integrity sha512-r4DIlprAGwJ7YM11VZp4R884m0Vmgr6EAKe3P+kO0PPj3Unqyvv59rczf6UiGcb9Z8QxZVcqKNwv/g0WNdWwsw==
